// !$*UTF8*$!
{
	archiveVersion = 1;
	classes = {
	};
	objectVersion = 48;
	objects = {

/* Begin PBXBuildFile section */
		B80081F62048D63A0069FE7B /* main.cpp in Sources */ = {isa = PBXBuildFile; fileRef = B80081F52048D6390069FE7B /* main.cpp */; };
		B80081F92048D6470069FE7B /* main.cpp in Sources */ = {isa = PBXBuildFile; fileRef = B80081F72048D6470069FE7B /* main.cpp */; };
		B80081FC2048D6580069FE7B /* main.cpp in Sources */ = {isa = PBXBuildFile; fileRef = B80081FA2048D6580069FE7B /* main.cpp */; };
		B80081FF2048D6600069FE7B /* main.cpp in Sources */ = {isa = PBXBuildFile; fileRef = B80081FD2048D65F0069FE7B /* main.cpp */; };
/* End PBXBuildFile section */

/* Begin PBXCopyFilesBuildPhase section */
		B80081CA2048D5DC0069FE7B /* CopyFiles */ = {
			isa = PBXCopyFilesBuildPhase;
			buildActionMask = 2147483647;
			dstPath = /usr/share/man/man1/;
			dstSubfolderSpec = 0;
			files = (
			);
			runOnlyForDeploymentPostprocessing = 1;
		};
		B80081D52048D5EA0069FE7B /* CopyFiles */ = {
			isa = PBXCopyFilesBuildPhase;
			buildActionMask = 2147483647;
			dstPath = /usr/share/man/man1/;
			dstSubfolderSpec = 0;
			files = (
			);
			runOnlyForDeploymentPostprocessing = 1;
		};
		B80081E02048D5F70069FE7B /* CopyFiles */ = {
			isa = PBXCopyFilesBuildPhase;
			buildActionMask = 2147483647;
			dstPath = /usr/share/man/man1/;
			dstSubfolderSpec = 0;
			files = (
			);
			runOnlyForDeploymentPostprocessing = 1;
		};
		B80081EB2048D6040069FE7B /* CopyFiles */ = {
			isa = PBXCopyFilesBuildPhase;
			buildActionMask = 2147483647;
			dstPath = /usr/share/man/man1/;
			dstSubfolderSpec = 0;
			files = (
			);
			runOnlyForDeploymentPostprocessing = 1;
		};
/* End PBXCopyFilesBuildPhase section */

/* Begin PBXFileReference section */
		B80081CC2048D5DC0069FE7B /* 01_aufgabe */ = {isa = PBXFileReference; explicitFileType = "compiled.mach-o.executable"; includeInIndex = 0; path = 01_aufgabe; sourceTree = BUILT_PRODUCTS_DIR; };
		B80081D72048D5EA0069FE7B /* 02_aufgabe */ = {isa = PBXFileReference; explicitFileType = "compiled.mach-o.executable"; includeInIndex = 0; path = 02_aufgabe; sourceTree = BUILT_PRODUCTS_DIR; };
		B80081E22048D5F70069FE7B /* 03_aufgabe */ = {isa = PBXFileReference; explicitFileType = "compiled.mach-o.executable"; includeInIndex = 0; path = 03_aufgabe; sourceTree = BUILT_PRODUCTS_DIR; };
		B80081ED2048D6040069FE7B /* 04_aufgabe */ = {isa = PBXFileReference; explicitFileType = "compiled.mach-o.executable"; includeInIndex = 0; path = 04_aufgabe; sourceTree = BUILT_PRODUCTS_DIR; };
		B80081F42048D6390069FE7B /* inkrement */ = {isa = PBXFileReference; lastKnownFileType = "compiled.mach-o.executable"; path = inkrement; sourceTree = "<group>"; };
		B80081F52048D6390069FE7B /* main.cpp */ = {isa = PBXFileReference; fileEncoding = 4; lastKnownFileType = sourcecode.cpp.cpp; path = main.cpp; sourceTree = "<group>"; };
		B80081F72048D6470069FE7B /* main.cpp */ = {isa = PBXFileReference; fileEncoding = 4; lastKnownFileType = sourcecode.cpp.cpp; path = main.cpp; sourceTree = "<group>"; };
		B80081F82048D6470069FE7B /* primzahltest */ = {isa = PBXFileReference; lastKnownFileType = "compiled.mach-o.executable"; path = primzahltest; sourceTree = "<group>"; };
		B80081FA2048D6580069FE7B /* main.cpp */ = {isa = PBXFileReference; fileEncoding = 4; lastKnownFileType = sourcecode.cpp.cpp; path = main.cpp; sourceTree = "<group>"; };
		B80081FB2048D6580069FE7B /* primfaktorzerlegung */ = {isa = PBXFileReference; lastKnownFileType = "compiled.mach-o.executable"; path = primfaktorzerlegung; sourceTree = "<group>"; };
		B80081FD2048D65F0069FE7B /* main.cpp */ = {isa = PBXFileReference; fileEncoding = 4; lastKnownFileType = sourcecode.cpp.cpp; path = main.cpp; sourceTree = "<group>"; };
		B80081FE2048D65F0069FE7B /* primfaktorzerlegung */ = {isa = PBXFileReference; lastKnownFileType = "compiled.mach-o.executable"; path = primfaktorzerlegung; sourceTree = "<group>"; };
/* End PBXFileReference section */

/* Begin PBXFrameworksBuildPhase section */
		B80081C92048D5DC0069FE7B /* Frameworks */ = {
			isa = PBXFrameworksBuildPhase;
			buildActionMask = 2147483647;
			files = (
			);
			runOnlyForDeploymentPostprocessing = 0;
		};
		B80081D42048D5EA0069FE7B /* Frameworks */ = {
			isa = PBXFrameworksBuildPhase;
			buildActionMask = 2147483647;
			files = (
			);
			runOnlyForDeploymentPostprocessing = 0;
		};
		B80081DF2048D5F70069FE7B /* Frameworks */ = {
			isa = PBXFrameworksBuildPhase;
			buildActionMask = 2147483647;
			files = (
			);
			runOnlyForDeploymentPostprocessing = 0;
		};
		B80081EA2048D6040069FE7B /* Frameworks */ = {
			isa = PBXFrameworksBuildPhase;
			buildActionMask = 2147483647;
			files = (
			);
			runOnlyForDeploymentPostprocessing = 0;
		};
/* End PBXFrameworksBuildPhase section */

/* Begin PBXGroup section */
		B80081642048D5620069FE7B = {
			isa = PBXGroup;
			children = (
				B80081CD2048D5DC0069FE7B /* 01_aufgabe */,
				B80081D82048D5EA0069FE7B /* 02_aufgabe */,
				B80081E32048D5F70069FE7B /* 03_aufgabe */,
				B80081EE2048D6040069FE7B /* 04_aufgabe */,
				B800816E2048D5620069FE7B /* Products */,
			);
			sourceTree = "<group>";
		};
		B800816E2048D5620069FE7B /* Products */ = {
			isa = PBXGroup;
			children = (
				B80081CC2048D5DC0069FE7B /* 01_aufgabe */,
				B80081D72048D5EA0069FE7B /* 02_aufgabe */,
				B80081E22048D5F70069FE7B /* 03_aufgabe */,
				B80081ED2048D6040069FE7B /* 04_aufgabe */,
			);
			name = Products;
			sourceTree = "<group>";
		};
		B80081CD2048D5DC0069FE7B /* 01_aufgabe */ = {
			isa = PBXGroup;
			children = (
				B80081F42048D6390069FE7B /* inkrement */,
				B80081F52048D6390069FE7B /* main.cpp */,
			);
			path = 01_aufgabe;
			sourceTree = "<group>";
		};
		B80081D82048D5EA0069FE7B /* 02_aufgabe */ = {
			isa = PBXGroup;
			children = (
				B80081F72048D6470069FE7B /* main.cpp */,
				B80081F82048D6470069FE7B /* primzahltest */,
			);
			path = 02_aufgabe;
			sourceTree = "<group>";
		};
		B80081E32048D5F70069FE7B /* 03_aufgabe */ = {
			isa = PBXGroup;
			children = (
				B80081FA2048D6580069FE7B /* main.cpp */,
				B80081FB2048D6580069FE7B /* primfaktorzerlegung */,
			);
			path = 03_aufgabe;
			sourceTree = "<group>";
		};
		B80081EE2048D6040069FE7B /* 04_aufgabe */ = {
			isa = PBXGroup;
			children = (
				B80081FD2048D65F0069FE7B /* main.cpp */,
				B80081FE2048D65F0069FE7B /* primfaktorzerlegung */,
			);
			path = 04_aufgabe;
			sourceTree = "<group>";
		};
/* End PBXGroup section */

/* Begin PBXNativeTarget section */
		B80081CB2048D5DC0069FE7B /* 01_aufgabe */ = {
			isa = PBXNativeTarget;
			buildConfigurationList = B80081D02048D5DC0069FE7B /* Build configuration list for PBXNativeTarget "01_aufgabe" */;
			buildPhases = (
				B80081C82048D5DC0069FE7B /* Sources */,
				B80081C92048D5DC0069FE7B /* Frameworks */,
				B80081CA2048D5DC0069FE7B /* CopyFiles */,
			);
			buildRules = (
			);
			dependencies = (
			);
			name = 01_aufgabe;
			productName = 01_aufgabe;
			productReference = B80081CC2048D5DC0069FE7B /* 01_aufgabe */;
			productType = "com.apple.product-type.tool";
		};
		B80081D62048D5EA0069FE7B /* 02_aufgabe */ = {
			isa = PBXNativeTarget;
			buildConfigurationList = B80081DB2048D5EA0069FE7B /* Build configuration list for PBXNativeTarget "02_aufgabe" */;
			buildPhases = (
				B80081D32048D5EA0069FE7B /* Sources */,
				B80081D42048D5EA0069FE7B /* Frameworks */,
				B80081D52048D5EA0069FE7B /* CopyFiles */,
			);
			buildRules = (
			);
			dependencies = (
			);
			name = 02_aufgabe;
			productName = 02_aufgabe;
			productReference = B80081D72048D5EA0069FE7B /* 02_aufgabe */;
			productType = "com.apple.product-type.tool";
		};
		B80081E12048D5F70069FE7B /* 03_aufgabe */ = {
			isa = PBXNativeTarget;
			buildConfigurationList = B80081E62048D5F70069FE7B /* Build configuration list for PBXNativeTarget "03_aufgabe" */;
			buildPhases = (
				B80081DE2048D5F70069FE7B /* Sources */,
				B80081DF2048D5F70069FE7B /* Frameworks */,
				B80081E02048D5F70069FE7B /* CopyFiles */,
			);
			buildRules = (
			);
			dependencies = (
			);
			name = 03_aufgabe;
			productName = 03_aufgabe;
			productReference = B80081E22048D5F70069FE7B /* 03_aufgabe */;
			productType = "com.apple.product-type.tool";
		};
		B80081EC2048D6040069FE7B /* 04_aufgabe */ = {
			isa = PBXNativeTarget;
			buildConfigurationList = B80081F12048D6040069FE7B /* Build configuration list for PBXNativeTarget "04_aufgabe" */;
			buildPhases = (
				B80081E92048D6040069FE7B /* Sources */,
				B80081EA2048D6040069FE7B /* Frameworks */,
				B80081EB2048D6040069FE7B /* CopyFiles */,
			);
			buildRules = (
			);
			dependencies = (
			);
			name = 04_aufgabe;
			productName = 04_aufgabe;
			productReference = B80081ED2048D6040069FE7B /* 04_aufgabe */;
			productType = "com.apple.product-type.tool";
		};
/* End PBXNativeTarget section */

/* Begin PBXProject section */
		B80081652048D5620069FE7B /* Project object */ = {
			isa = PBXProject;
			attributes = {
				LastUpgradeCheck = 0920;
				ORGANIZATIONNAME = Sahin;
				TargetAttributes = {
					B80081CB2048D5DC0069FE7B = {
						CreatedOnToolsVersion = 9.2;
						ProvisioningStyle = Automatic;
					};
					B80081D62048D5EA0069FE7B = {
						CreatedOnToolsVersion = 9.2;
						ProvisioningStyle = Automatic;
					};
					B80081E12048D5F70069FE7B = {
						CreatedOnToolsVersion = 9.2;
						ProvisioningStyle = Automatic;
					};
					B80081EC2048D6040069FE7B = {
						CreatedOnToolsVersion = 9.2;
						ProvisioningStyle = Automatic;
					};
				};
			};
			buildConfigurationList = B80081682048D5620069FE7B /* Build configuration list for PBXProject "01_tag" */;
			compatibilityVersion = "Xcode 8.0";
			developmentRegion = en;
			hasScannedForEncodings = 0;
			knownRegions = (
				en,
			);
			mainGroup = B80081642048D5620069FE7B;
			productRefGroup = B800816E2048D5620069FE7B /* Products */;
			projectDirPath = "";
			projectRoot = "";
			targets = (
				B80081CB2048D5DC0069FE7B /* 01_aufgabe */,
				B80081D62048D5EA0069FE7B /* 02_aufgabe */,
				B80081E12048D5F70069FE7B /* 03_aufgabe */,
				B80081EC2048D6040069FE7B /* 04_aufgabe */,
			);
		};
/* End PBXProject section */

/* Begin PBXSourcesBuildPhase section */
		B80081C82048D5DC0069FE7B /* Sources */ = {
			isa = PBXSourcesBuildPhase;
			buildActionMask = 2147483647;
			files = (
				B80081F62048D63A0069FE7B /* main.cpp in Sources */,
			);
			runOnlyForDeploymentPostprocessing = 0;
		};
		B80081D32048D5EA0069FE7B /* Sources */ = {
			isa = PBXSourcesBuildPhase;
			buildActionMask = 2147483647;
			files = (
				B80081F92048D6470069FE7B /* main.cpp in Sources */,
			);
			runOnlyForDeploymentPostprocessing = 0;
		};
		B80081DE2048D5F70069FE7B /* Sources */ = {
			isa = PBXSourcesBuildPhase;
			buildActionMask = 2147483647;
			files = (
				B80081FC2048D6580069FE7B /* main.cpp in Sources */,
			);
			runOnlyForDeploymentPostprocessing = 0;
		};
		B80081E92048D6040069FE7B /* Sources */ = {
			isa = PBXSourcesBuildPhase;
			buildActionMask = 2147483647;
			files = (
				B80081FF2048D6600069FE7B /* main.cpp in Sources */,
			);
			runOnlyForDeploymentPostprocessing = 0;
		};
/* End PBXSourcesBuildPhase section */

/* Begin XCBuildConfiguration section */
		B80081722048D5620069FE7B /* Debug */ = {
			isa = XCBuildConfiguration;
			buildSettings = {
				ALWAYS_SEARCH_USER_PATHS = NO;
				CLANG_ANALYZER_NONNULL = YES;
				CLANG_ANALYZER_NUMBER_OBJECT_CONVERSION = YES_AGGRESSIVE;
				CLANG_CXX_LANGUAGE_STANDARD = "gnu++14";
				CLANG_CXX_LIBRARY = "libc++";
				CLANG_ENABLE_MODULES = YES;
				CLANG_ENABLE_OBJC_ARC = YES;
				CLANG_WARN_BLOCK_CAPTURE_AUTORELEASING = YES;
				CLANG_WARN_BOOL_CONVERSION = YES;
				CLANG_WARN_COMMA = YES;
				CLANG_WARN_CONSTANT_CONVERSION = YES;
				CLANG_WARN_DIRECT_OBJC_ISA_USAGE = YES_ERROR;
				CLANG_WARN_DOCUMENTATION_COMMENTS = YES;
				CLANG_WARN_EMPTY_BODY = YES;
				CLANG_WARN_ENUM_CONVERSION = YES;
				CLANG_WARN_INFINITE_RECURSION = YES;
				CLANG_WARN_INT_CONVERSION = YES;
				CLANG_WARN_NON_LITERAL_NULL_CONVERSION = YES;
				CLANG_WARN_OBJC_LITERAL_CONVERSION = YES;
				CLANG_WARN_OBJC_ROOT_CLASS = YES_ERROR;
				CLANG_WARN_RANGE_LOOP_ANALYSIS = YES;
				CLANG_WARN_STRICT_PROTOTYPES = YES;
				CLANG_WARN_SUSPICIOUS_MOVE = YES;
				CLANG_WARN_UNGUARDED_AVAILABILITY = YES_AGGRESSIVE;
				CLANG_WARN_UNREACHABLE_CODE = YES;
				CLANG_WARN__DUPLICATE_METHOD_MATCH = YES;
				CODE_SIGN_IDENTITY = "-";
				COPY_PHASE_STRIP = NO;
				DEBUG_INFORMATION_FORMAT = dwarf;
				ENABLE_STRICT_OBJC_MSGSEND = YES;
				ENABLE_TESTABILITY = YES;
				GCC_C_LANGUAGE_STANDARD = gnu11;
				GCC_DYNAMIC_NO_PIC = NO;
				GCC_NO_COMMON_BLOCKS = YES;
				GCC_OPTIMIZATION_LEVEL = 0;
				GCC_PREPROCESSOR_DEFINITIONS = (
					"DEBUG=1",
					"$(inherited)",
				);
				GCC_WARN_64_TO_32_BIT_CONVERSION = YES;
				GCC_WARN_ABOUT_RETURN_TYPE = YES_ERROR;
				GCC_WARN_UNDECLARED_SELECTOR = YES;
				GCC_WARN_UNINITIALIZED_AUTOS = YES_AGGRESSIVE;
				GCC_WARN_UNUSED_FUNCTION = YES;
				GCC_WARN_UNUSED_VARIABLE = YES;
				MACOSX_DEPLOYMENT_TARGET = 10.13;
				MTL_ENABLE_DEBUG_INFO = YES;
				ONLY_ACTIVE_ARCH = YES;
				SDKROOT = macosx;
			};
			name = Debug;
		};
		B80081732048D5620069FE7B /* Release */ = {
			isa = XCBuildConfiguration;
			buildSettings = {
				ALWAYS_SEARCH_USER_PATHS = NO;
				CLANG_ANALYZER_NONNULL = YES;
				CLANG_ANALYZER_NUMBER_OBJECT_CONVERSION = YES_AGGRESSIVE;
				CLANG_CXX_LANGUAGE_STANDARD = "gnu++14";
				CLANG_CXX_LIBRARY = "libc++";
				CLANG_ENABLE_MODULES = YES;
				CLANG_ENABLE_OBJC_ARC = YES;
				CLANG_WARN_BLOCK_CAPTURE_AUTORELEASING = YES;
				CLANG_WARN_BOOL_CONVERSION = YES;
				CLANG_WARN_COMMA = YES;
				CLANG_WARN_CONSTANT_CONVERSION = YES;
				CLANG_WARN_DIRECT_OBJC_ISA_USAGE = YES_ERROR;
				CLANG_WARN_DOCUMENTATION_COMMENTS = YES;
				CLANG_WARN_EMPTY_BODY = YES;
				CLANG_WARN_ENUM_CONVERSION = YES;
				CLANG_WARN_INFINITE_RECURSION = YES;
				CLANG_WARN_INT_CONVERSION = YES;
				CLANG_WARN_NON_LITERAL_NULL_CONVERSION = YES;
				CLANG_WARN_OBJC_LITERAL_CONVERSION = YES;
				CLANG_WARN_OBJC_ROOT_CLASS = YES_ERROR;
				CLANG_WARN_RANGE_LOOP_ANALYSIS = YES;
				CLANG_WARN_STRICT_PROTOTYPES = YES;
				CLANG_WARN_SUSPICIOUS_MOVE = YES;
				CLANG_WARN_UNGUARDED_AVAILABILITY = YES_AGGRESSIVE;
				CLANG_WARN_UNREACHABLE_CODE = YES;
				CLANG_WARN__DUPLICATE_METHOD_MATCH = YES;
				CODE_SIGN_IDENTITY = "-";
				COPY_PHASE_STRIP = NO;
				DEBUG_INFORMATION_FORMAT = "dwarf-with-dsym";
				ENABLE_NS_ASSERTIONS = NO;
				ENABLE_STRICT_OBJC_MSGSEND = YES;
				GCC_C_LANGUAGE_STANDARD = gnu11;
				GCC_NO_COMMON_BLOCKS = YES;
				GCC_WARN_64_TO_32_BIT_CONVERSION = YES;
				GCC_WARN_ABOUT_RETURN_TYPE = YES_ERROR;
				GCC_WARN_UNDECLARED_SELECTOR = YES;
				GCC_WARN_UNINITIALIZED_AUTOS = YES_AGGRESSIVE;
				GCC_WARN_UNUSED_FUNCTION = YES;
				GCC_WARN_UNUSED_VARIABLE = YES;
				MACOSX_DEPLOYMENT_TARGET = 10.13;
				MTL_ENABLE_DEBUG_INFO = NO;
				SDKROOT = macosx;
			};
			name = Release;
		};
		B80081D12048D5DC0069FE7B /* Debug */ = {
			isa = XCBuildConfiguration;
			buildSettings = {
				CODE_SIGN_STYLE = Automatic;
				PRODUCT_NAME = "$(TARGET_NAME)";
			};
			name = Debug;
		};
		B80081D22048D5DC0069FE7B /* Release */ = {
			isa = XCBuildConfiguration;
			buildSettings = {
				CODE_SIGN_STYLE = Automatic;
				PRODUCT_NAME = "$(TARGET_NAME)";
			};
			name = Release;
		};
		B80081DC2048D5EA0069FE7B /* Debug */ = {
			isa = XCBuildConfiguration;
			buildSettings = {
				CODE_SIGN_STYLE = Automatic;
				PRODUCT_NAME = "$(TARGET_NAME)";
			};
			name = Debug;
		};
		B80081DD2048D5EA0069FE7B /* Release */ = {
			isa = XCBuildConfiguration;
			buildSettings = {
				CODE_SIGN_STYLE = Automatic;
				PRODUCT_NAME = "$(TARGET_NAME)";
			};
			name = Release;
		};
		B80081E72048D5F70069FE7B /* Debug */ = {
			isa = XCBuildConfiguration;
			buildSettings = {
				CODE_SIGN_STYLE = Automatic;
				PRODUCT_NAME = "$(TARGET_NAME)";
			};
			name = Debug;
		};
		B80081E82048D5F70069FE7B /* Release */ = {
			isa = XCBuildConfiguration;
			buildSettings = {
				CODE_SIGN_STYLE = Automatic;
				PRODUCT_NAME = "$(TARGET_NAME)";
			};
			name = Release;
		};
		B80081F22048D6040069FE7B /* Debug */ = {
			isa = XCBuildConfiguration;
			buildSettings = {
				CODE_SIGN_STYLE = Automatic;
				PRODUCT_NAME = "$(TARGET_NAME)";
			};
			name = Debug;
		};
		B80081F32048D6040069FE7B /* Release */ = {
			isa = XCBuildConfiguration;
			buildSettings = {
				CODE_SIGN_STYLE = Automatic;
				PRODUCT_NAME = "$(TARGET_NAME)";
			};
			name = Release;
		};
/* End XCBuildConfiguration section */

/* Begin XCConfigurationList section */
		B80081682048D5620069FE7B /* Build configuration list for PBXProject "01_tag" */ = {
			isa = XCConfigurationList;
			buildConfigurations = (
				B80081722048D5620069FE7B /* Debug */,
				B80081732048D5620069FE7B /* Release */,
			);
			defaultConfigurationIsVisible = 0;
			defaultConfigurationName = Release;
		};
		B80081D02048D5DC0069FE7B /* Build configuration list for PBXNativeTarget "01_aufgabe" */ = {
			isa = XCConfigurationList;
			buildConfigurations = (
				B80081D12048D5DC0069FE7B /* Debug */,
				B80081D22048D5DC0069FE7B /* Release */,
			);
			defaultConfigurationIsVisible = 0;
			defaultConfigurationName = Release;
		};
		B80081DB2048D5EA0069FE7B /* Build configuration list for PBXNativeTarget "02_aufgabe" */ = {
			isa = XCConfigurationList;
			buildConfigurations = (
				B80081DC2048D5EA0069FE7B /* Debug */,
				B80081DD2048D5EA0069FE7B /* Release */,
			);
			defaultConfigurationIsVisible = 0;
			defaultConfigurationName = Release;
		};
		B80081E62048D5F70069FE7B /* Build configuration list for PBXNativeTarget "03_aufgabe" */ = {
			isa = XCConfigurationList;
			buildConfigurations = (
				B80081E72048D5F70069FE7B /* Debug */,
				B80081E82048D5F70069FE7B /* Release */,
			);
			defaultConfigurationIsVisible = 0;
			defaultConfigurationName = Release;
		};
		B80081F12048D6040069FE7B /* Build configuration list for PBXNativeTarget "04_aufgabe" */ = {
			isa = XCConfigurationList;
			buildConfigurations = (
				B80081F22048D6040069FE7B /* Debug */,
				B80081F32048D6040069FE7B /* Release */,
			);
			defaultConfigurationIsVisible = 0;
			defaultConfigurationName = Release;
		};
/* End XCConfigurationList section */
	};
	rootObject = B80081652048D5620069FE7B /* Project object */;
}
